# @generated by Move, please check-in and do not edit manually.

[move]
version = 2
manifest_digest = "EAA2275508D77C87D987AAF4087BA508AAD39782199EC6995C67387E1A6DC055"
deps_digest = "3C4103934B1E040BB6B23F1D610B4EF9F2F1166A50A104EADCF77467C004C600"
dependencies = [
  { name = "Sui" },
  { name = "flowxswap" },
]

[[move.package]]
name = "MoveStdlib"
source = { git = "https://github.com/MystenLabs/sui.git", rev = "mainnet-v1.26.2", subdir = "crates/sui-framework/packages/move-stdlib" }

[[move.package]]
name = "Sui"
source = { git = "https://github.com/MystenLabs/sui.git", rev = "mainnet-v1.26.2", subdir = "crates/sui-framework/packages/sui-framework" }

dependencies = [
  { name = "MoveStdlib" },
]

[[move.package]]
name = "flowxswap"
source = { git = "https://github.com/TokenUtility/flowx-interface.git", rev = "mainnet", subdir = "" }

dependencies = [
  { name = "Sui" },
]

[move.toolchain-version]
compiler-version = "1.27.0"
edition = "legacy"
flavor = "sui"
