# @generated by Move, please check-in and do not edit manually.

[move]
version = 2
manifest_digest = "F870DDC316B99AD62F227D9A6F8648AA68F51C886F0EF56B538DF838959B6F23"
deps_digest = "3C4103934B1E040BB6B23F1D610B4EF9F2F1166A50A104EADCF77467C004C600"
dependencies = [
  { name = "Sui" },
  { name = "TurbosCLMM" },
]

[[move.package]]
name = "MoveStdlib"
source = { git = "https://github.com/MystenLabs/sui.git", rev = "testnet", subdir = "crates/sui-framework/packages/move-stdlib" }

[[move.package]]
name = "Sui"
source = { git = "https://github.com/MystenLabs/sui.git", rev = "testnet", subdir = "crates/sui-framework/packages/sui-framework" }

dependencies = [
  { name = "MoveStdlib" },
]

[[move.package]]
name = "TurbosCLMM"
source = { git = "https://github.com/turbos-finance/turbos-sui-move-interface.git", rev = "testnet", subdir = "clmm" }

dependencies = [
  { name = "Sui" },
]

[move.toolchain-version]
compiler-version = "1.27.0"
edition = "2024.beta"
flavor = "sui"
